
Microsoft Visual Studio Solution File, Format Version 12.00
# Visual Studio Version 17
VisualStudioVersion = 17.13.35806.99 d17.13
MinimumVisualStudioVersion = 10.0.40219.1
Project("{FAE04EC0-301F-11D3-BF4B-00C04F79EFBC}") = "Egg_Pedict_BackEnd", "Egg_Pedict_BackEnd\Egg_Pedict_BackEnd.csproj", "{19C8A365-D9EF-4D8A-911D-746AD6238613}"
EndProject
Global
	GlobalSection(SolutionConfigurationPlatforms) = preSolution
		Debug|Any CPU = Debug|Any CPU
		Release|Any CPU = Release|Any CPU
	EndGlobalSection
	GlobalSection(ProjectConfigurationPlatforms) = postSolution
		{19C8A365-D9EF-4D8A-911D-746AD6238613}.Debug|Any CPU.ActiveCfg = Debug|Any CPU
		{19C8A365-D9EF-4D8A-911D-746AD6238613}.Debug|Any CPU.Build.0 = Debug|Any CPU
		{19C8A365-D9EF-4D8A-911D-746AD6238613}.Release|Any CPU.ActiveCfg = Release|Any CPU
		{19C8A365-D9EF-4D8A-911D-746AD6238613}.Release|Any CPU.Build.0 = Release|Any CPU
	EndGlobalSection
	GlobalSection(SolutionProperties) = preSolution
		HideSolutionNode = FALSE
	EndGlobalSection
	GlobalSection(ExtensibilityGlobals) = postSolution
		SolutionGuid = {5FB1CBB0-6629-46CC-B303-4B1A253AABF9}
	EndGlobalSection
EndGlobal
